// !$*UTF8*$!
{
	archiveVersion = 1;
	classes = {
	};
	objectVersion = 46;
	objects = {

/* Begin PBXBuildFile section */
		0FD5FB3418DDD2FC00E8ED6B /* Foundation.framework in Frameworks */ = {isa = PBXBuildFile; fileRef = 0FD5FB3318DDD2FC00E8ED6B /* Foundation.framework */; };
		0FD5FB3618DDD2FC00E8ED6B /* CoreGraphics.framework in Frameworks */ = {isa = PBXBuildFile; fileRef = 0FD5FB3518DDD2FC00E8ED6B /* CoreGraphics.framework */; };
		0FD5FB3818DDD2FC00E8ED6B /* UIKit.framework in Frameworks */ = {isa = PBXBuildFile; fileRef = 0FD5FB3718DDD2FC00E8ED6B /* UIKit.framework */; };
		0FD5FB3E18DDD2FC00E8ED6B /* InfoPlist.strings in Resources */ = {isa = PBXBuildFile; fileRef = 0FD5FB3C18DDD2FC00E8ED6B /* InfoPlist.strings */; };
		0FD5FB4018DDD2FC00E8ED6B /* main.m in Sources */ = {isa = PBXBuildFile; fileRef = 0FD5FB3F18DDD2FC00E8ED6B /* main.m */; };
		0FD5FB4418DDD2FC00E8ED6B /* JSBAppDelegate.m in Sources */ = {isa = PBXBuildFile; fileRef = 0FD5FB4318DDD2FC00E8ED6B /* JSBAppDelegate.m */; };
		0FD5FB4618DDD2FC00E8ED6B /* Images.xcassets in Resources */ = {isa = PBXBuildFile; fileRef = 0FD5FB4518DDD2FC00E8ED6B /* Images.xcassets */; };
		0FD5FB4D18DDD2FC00E8ED6B /* XCTest.framework in Frameworks */ = {isa = PBXBuildFile; fileRef = 0FD5FB4C18DDD2FC00E8ED6B /* XCTest.framework */; };
		0FD5FB4E18DDD2FC00E8ED6B /* Foundation.framework in Frameworks */ = {isa = PBXBuildFile; fileRef = 0FD5FB3318DDD2FC00E8ED6B /* Foundation.framework */; };
		0FD5FB4F18DDD2FC00E8ED6B /* UIKit.framework in Frameworks */ = {isa = PBXBuildFile; fileRef = 0FD5FB3718DDD2FC00E8ED6B /* UIKit.framework */; };
		0FD5FB5718DDD2FC00E8ED6B /* InfoPlist.strings in Resources */ = {isa = PBXBuildFile; fileRef = 0FD5FB5518DDD2FC00E8ED6B /* InfoPlist.strings */; };
		0FD5FB5918DDD2FC00E8ED6B /* ControllerPracticeTests.m in Sources */ = {isa = PBXBuildFile; fileRef = 0FD5FB5818DDD2FC00E8ED6B /* ControllerPracticeTests.m */; };
/* End PBXBuildFile section */

/* Begin PBXContainerItemProxy section */
		0FD5FB5018DDD2FC00E8ED6B /* PBXContainerItemProxy */ = {
			isa = PBXContainerItemProxy;
			containerPortal = 0FD5FB2818DDD2FC00E8ED6B /* Project object */;
			proxyType = 1;
			remoteGlobalIDString = 0FD5FB2F18DDD2FC00E8ED6B;
			remoteInfo = ControllerPractice;
		};
/* End PBXContainerItemProxy section */

/* Begin PBXFileReference section */
		0FD5FB3018DDD2FC00E8ED6B /* ControllerPractice.app */ = {isa = PBXFileReference; explicitFileType = wrapper.application; includeInIndex = 0; path = ControllerPractice.app; sourceTree = BUILT_PRODUCTS_DIR; };
		0FD5FB3318DDD2FC00E8ED6B /* Foundation.framework */ = {isa = PBXFileReference; lastKnownFileType = wrapper.framework; name = Foundation.framework; path = System/Library/Frameworks/Foundation.framework; sourceTree = SDKROOT; };
		0FD5FB3518DDD2FC00E8ED6B /* CoreGraphics.framework */ = {isa = PBXFileReference; lastKnownFileType = wrapper.framework; name = CoreGraphics.framework; path = System/Library/Frameworks/CoreGraphics.framework; sourceTree = SDKROOT; };
		0FD5FB3718DDD2FC00E8ED6B /* UIKit.framework */ = {isa = PBXFileReference; lastKnownFileType = wrapper.framework; name = UIKit.framework; path = System/Library/Frameworks/UIKit.framework; sourceTree = SDKROOT; };
		0FD5FB3B18DDD2FC00E8ED6B /* ControllerPractice-Info.plist */ = {isa = PBXFileReference; lastKnownFileType = text.plist.xml; path = "ControllerPractice-Info.plist"; sourceTree = "<group>"; };
		0FD5FB3D18DDD2FC00E8ED6B /* en */ = {isa = PBXFileReference; lastKnownFileType = text.plist.strings; name = en; path = en.lproj/InfoPlist.strings; sourceTree = "<group>"; };
		0FD5FB3F18DDD2FC00E8ED6B /* main.m */ = {isa = PBXFileReference; lastKnownFileType = sourcecode.c.objc; path = main.m; sourceTree = "<group>"; };
		0FD5FB4118DDD2FC00E8ED6B /* ControllerPractice-Prefix.pch */ = {isa = PBXFileReference; lastKnownFileType = sourcecode.c.h; path = "ControllerPractice-Prefix.pch"; sourceTree = "<group>"; };
		0FD5FB4218DDD2FC00E8ED6B /* JSBAppDelegate.h */ = {isa = PBXFileReference; lastKnownFileType = sourcecode.c.h; path = JSBAppDelegate.h; sourceTree = "<group>"; };
		0FD5FB4318DDD2FC00E8ED6B /* JSBAppDelegate.m */ = {isa = PBXFileReference; lastKnownFileType = sourcecode.c.objc; path = JSBAppDelegate.m; sourceTree = "<group>"; };
		0FD5FB4518DDD2FC00E8ED6B /* Images.xcassets */ = {isa = PBXFileReference; lastKnownFileType = folder.assetcatalog; path = Images.xcassets; sourceTree = "<group>"; };
		0FD5FB4B18DDD2FC00E8ED6B /* ControllerPracticeTests.xctest */ = {isa = PBXFileReference; explicitFileType = wrapper.cfbundle; includeInIndex = 0; path = ControllerPracticeTests.xctest; sourceTree = BUILT_PRODUCTS_DIR; };
		0FD5FB4C18DDD2FC00E8ED6B /* XCTest.framework */ = {isa = PBXFileReference; lastKnownFileType = wrapper.framework; name = XCTest.framework; path = Library/Frameworks/XCTest.framework; sourceTree = DEVELOPER_DIR; };
		0FD5FB5418DDD2FC00E8ED6B /* ControllerPracticeTests-Info.plist */ = {isa = PBXFileReference; lastKnownFileType = text.plist.xml; path = "ControllerPracticeTests-Info.plist"; sourceTree = "<group>"; };
		0FD5FB5618DDD2FC00E8ED6B /* en */ = {isa = PBXFileReference; lastKnownFileType = text.plist.strings; name = en; path = en.lproj/InfoPlist.strings; sourceTree = "<group>"; };
		0FD5FB5818DDD2FC00E8ED6B /* ControllerPracticeTests.m */ = {isa = PBXFileReference; lastKnownFileType = sourcecode.c.objc; path = ControllerPracticeTests.m; sourceTree = "<group>"; };
/* End PBXFileReference section */

/* Begin PBXFrameworksBuildPhase section */
		0FD5FB2D18DDD2FC00E8ED6B /* Frameworks */ = {
			isa = PBXFrameworksBuildPhase;
			buildActionMask = 2147483647;
			files = (
				0FD5FB3618DDD2FC00E8ED6B /* CoreGraphics.framework in Frameworks */,
				0FD5FB3818DDD2FC00E8ED6B /* UIKit.framework in Frameworks */,
				0FD5FB3418DDD2FC00E8ED6B /* Foundation.framework in Frameworks */,
			);
			runOnlyForDeploymentPostprocessing = 0;
		};
		0FD5FB4818DDD2FC00E8ED6B /* Frameworks */ = {
			isa = PBXFrameworksBuildPhase;
			buildActionMask = 2147483647;
			files = (
				0FD5FB4D18DDD2FC00E8ED6B /* XCTest.framework in Frameworks */,
				0FD5FB4F18DDD2FC00E8ED6B /* UIKit.framework in Frameworks */,
				0FD5FB4E18DDD2FC00E8ED6B /* Foundation.framework in Frameworks */,
			);
			runOnlyForDeploymentPostprocessing = 0;
		};
/* End PBXFrameworksBuildPhase section */

/* Begin PBXGroup section */
		0FD5FB2718DDD2FC00E8ED6B = {
			isa = PBXGroup;
			children = (
				0FD5FB3918DDD2FC00E8ED6B /* ControllerPractice */,
				0FD5FB5218DDD2FC00E8ED6B /* ControllerPracticeTests */,
				0FD5FB3218DDD2FC00E8ED6B /* Frameworks */,
				0FD5FB3118DDD2FC00E8ED6B /* Products */,
			);
			sourceTree = "<group>";
		};
		0FD5FB3118DDD2FC00E8ED6B /* Products */ = {
			isa = PBXGroup;
			children = (
				0FD5FB3018DDD2FC00E8ED6B /* ControllerPractice.app */,
				0FD5FB4B18DDD2FC00E8ED6B /* ControllerPracticeTests.xctest */,
			);
			name = Products;
			sourceTree = "<group>";
		};
		0FD5FB3218DDD2FC00E8ED6B /* Frameworks */ = {
			isa = PBXGroup;
			children = (
				0FD5FB3318DDD2FC00E8ED6B /* Foundation.framework */,
				0FD5FB3518DDD2FC00E8ED6B /* CoreGraphics.framework */,
				0FD5FB3718DDD2FC00E8ED6B /* UIKit.framework */,
				0FD5FB4C18DDD2FC00E8ED6B /* XCTest.framework */,
			);
			name = Frameworks;
			sourceTree = "<group>";
		};
		0FD5FB3918DDD2FC00E8ED6B /* ControllerPractice */ = {
			isa = PBXGroup;
			children = (
				0FD5FB4218DDD2FC00E8ED6B /* JSBAppDelegate.h */,
				0FD5FB4318DDD2FC00E8ED6B /* JSBAppDelegate.m */,
				0FD5FB4518DDD2FC00E8ED6B /* Images.xcassets */,
				0FD5FB3A18DDD2FC00E8ED6B /* Supporting Files */,
			);
			path = ControllerPractice;
			sourceTree = "<group>";
		};
		0FD5FB3A18DDD2FC00E8ED6B /* Supporting Files */ = {
			isa = PBXGroup;
			children = (
				0FD5FB3B18DDD2FC00E8ED6B /* ControllerPractice-Info.plist */,
				0FD5FB3C18DDD2FC00E8ED6B /* InfoPlist.strings */,
				0FD5FB3F18DDD2FC00E8ED6B /* main.m */,
				0FD5FB4118DDD2FC00E8ED6B /* ControllerPractice-Prefix.pch */,
			);
			name = "Supporting Files";
			sourceTree = "<group>";
		};
		0FD5FB5218DDD2FC00E8ED6B /* ControllerPracticeTests */ = {
			isa = PBXGroup;
			children = (
				0FD5FB5818DDD2FC00E8ED6B /* ControllerPracticeTests.m */,
				0FD5FB5318DDD2FC00E8ED6B /* Supporting Files */,
			);
			path = ControllerPracticeTests;
			sourceTree = "<group>";
		};
		0FD5FB5318DDD2FC00E8ED6B /* Supporting Files */ = {
			isa = PBXGroup;
			children = (
				0FD5FB5418DDD2FC00E8ED6B /* ControllerPracticeTests-Info.plist */,
				0FD5FB5518DDD2FC00E8ED6B /* InfoPlist.strings */,
			);
			name = "Supporting Files";
			sourceTree = "<group>";
		};
/* End PBXGroup section */

/* Begin PBXNativeTarget section */
		0FD5FB2F18DDD2FC00E8ED6B /* ControllerPractice */ = {
			isa = PBXNativeTarget;
			buildConfigurationList = 0FD5FB5C18DDD2FC00E8ED6B /* Build configuration list for PBXNativeTarget "ControllerPractice" */;
			buildPhases = (
				0FD5FB2C18DDD2FC00E8ED6B /* Sources */,
				0FD5FB2D18DDD2FC00E8ED6B /* Frameworks */,
				0FD5FB2E18DDD2FC00E8ED6B /* Resources */,
			);
			buildRules = (
			);
			dependencies = (
			);
			name = ControllerPractice;
			productName = ControllerPractice;
			productReference = 0FD5FB3018DDD2FC00E8ED6B /* ControllerPractice.app */;
			productType = "com.apple.product-type.application";
		};
		0FD5FB4A18DDD2FC00E8ED6B /* ControllerPracticeTests */ = {
			isa = PBXNativeTarget;
			buildConfigurationList = 0FD5FB5F18DDD2FC00E8ED6B /* Build configuration list for PBXNativeTarget "ControllerPracticeTests" */;
			buildPhases = (
				0FD5FB4718DDD2FC00E8ED6B /* Sources */,
				0FD5FB4818DDD2FC00E8ED6B /* Frameworks */,
				0FD5FB4918DDD2FC00E8ED6B /* Resources */,
			);
			buildRules = (
			);
			dependencies = (
				0FD5FB5118DDD2FC00E8ED6B /* PBXTargetDependency */,
			);
			name = ControllerPracticeTests;
			productName = ControllerPracticeTests;
			productReference = 0FD5FB4B18DDD2FC00E8ED6B /* ControllerPracticeTests.xctest */;
			productType = "com.apple.product-type.bundle.unit-test";
		};
/* End PBXNativeTarget section */

/* Begin PBXProject section */
		0FD5FB2818DDD2FC00E8ED6B /* Project object */ = {
			isa = PBXProject;
			attributes = {
				CLASSPREFIX = JSB;
				LastUpgradeCheck = 0510;
				ORGANIZATIONNAME = "Jeremy S Brown";
				TargetAttributes = {
					0FD5FB4A18DDD2FC00E8ED6B = {
						TestTargetID = 0FD5FB2F18DDD2FC00E8ED6B;
					};
				};
			};
			buildConfigurationList = 0FD5FB2B18DDD2FC00E8ED6B /* Build configuration list for PBXProject "ControllerPractice" */;
			compatibilityVersion = "Xcode 3.2";
			developmentRegion = English;
			hasScannedForEncodings = 0;
			knownRegions = (
				en,
			);
			mainGroup = 0FD5FB2718DDD2FC00E8ED6B;
			productRefGroup = 0FD5FB3118DDD2FC00E8ED6B /* Products */;
			projectDirPath = "";
			projectRoot = "";
			targets = (
				0FD5FB2F18DDD2FC00E8ED6B /* ControllerPractice */,
				0FD5FB4A18DDD2FC00E8ED6B /* ControllerPracticeTests */,
			);
		};
/* End PBXProject section */

/* Begin PBXResourcesBuildPhase section */
		0FD5FB2E18DDD2FC00E8ED6B /* Resources */ = {
			isa = PBXResourcesBuildPhase;
			buildActionMask = 2147483647;
			files = (
				0FD5FB3E18DDD2FC00E8ED6B /* InfoPlist.strings in Resources */,
				0FD5FB4618DDD2FC00E8ED6B /* Images.xcassets in Resources */,
			);
			runOnlyForDeploymentPostprocessing = 0;
		};
		0FD5FB4918DDD2FC00E8ED6B /* Resources */ = {
			isa = PBXResourcesBuildPhase;
			buildActionMask = 2147483647;
			files = (
				0FD5FB5718DDD2FC00E8ED6B /* InfoPlist.strings in Resources */,
			);
			runOnlyForDeploymentPostprocessing = 0;
		};
/* End PBXResourcesBuildPhase section */

/* Begin PBXSourcesBuildPhase section */
		0FD5FB2C18DDD2FC00E8ED6B /* Sources */ = {
			isa = PBXSourcesBuildPhase;
			buildActionMask = 2147483647;
			files = (
				0FD5FB4418DDD2FC00E8ED6B /* JSBAppDelegate.m in Sources */,
				0FD5FB4018DDD2FC00E8ED6B /* main.m in Sources */,
			);
			runOnlyForDeploymentPostprocessing = 0;
		};
		0FD5FB4718DDD2FC00E8ED6B /* Sources */ = {
			isa = PBXSourcesBuildPhase;
			buildActionMask = 2147483647;
			files = (
				0FD5FB5918DDD2FC00E8ED6B /* ControllerPracticeTests.m in Sources */,
			);
			runOnlyForDeploymentPostprocessing = 0;
		};
/* End PBXSourcesBuildPhase section */

/* Begin PBXTargetDependency section */
		0FD5FB5118DDD2FC00E8ED6B /* PBXTargetDependency */ = {
			isa = PBXTargetDependency;
			target = 0FD5FB2F18DDD2FC00E8ED6B /* ControllerPractice */;
			targetProxy = 0FD5FB5018DDD2FC00E8ED6B /* PBXContainerItemProxy */;
		};
/* End PBXTargetDependency section */

/* Begin PBXVariantGroup section */
		0FD5FB3C18DDD2FC00E8ED6B /* InfoPlist.strings */ = {
			isa = PBXVariantGroup;
			children = (
				0FD5FB3D18DDD2FC00E8ED6B /* en */,
			);
			name = InfoPlist.strings;
			sourceTree = "<group>";
		};
		0FD5FB5518DDD2FC00E8ED6B /* InfoPlist.strings */ = {
			isa = PBXVariantGroup;
			children = (
				0FD5FB5618DDD2FC00E8ED6B /* en */,
			);
			name = InfoPlist.strings;
			sourceTree = "<group>";
		};
/* End PBXVariantGroup section */

/* Begin XCBuildConfiguration section */
		0FD5FB5A18DDD2FC00E8ED6B /* Debug */ = {
			isa = XCBuildConfiguration;
			buildSettings = {
				ALWAYS_SEARCH_USER_PATHS = NO;
				CLANG_CXX_LANGUAGE_STANDARD = "gnu++0x";
				CLANG_CXX_LIBRARY = "libc++";
				CLANG_ENABLE_MODULES = YES;
				CLANG_ENABLE_OBJC_ARC = YES;
				CLANG_WARN_BOOL_CONVERSION = YES;
				CLANG_WARN_CONSTANT_CONVERSION = YES;
				CLANG_WARN_DIRECT_OBJC_ISA_USAGE = YES_ERROR;
				CLANG_WARN_EMPTY_BODY = YES;
				CLANG_WARN_ENUM_CONVERSION = YES;
				CLANG_WARN_INT_CONVERSION = YES;
				CLANG_WARN_OBJC_ROOT_CLASS = YES_ERROR;
				CLANG_WARN__DUPLICATE_METHOD_MATCH = YES;
				"CODE_SIGN_IDENTITY[sdk=iphoneos*]" = "iPhone Developer";
				COPY_PHASE_STRIP = NO;
				GCC_C_LANGUAGE_STANDARD = gnu99;
				GCC_DYNAMIC_NO_PIC = NO;
				GCC_OPTIMIZATION_LEVEL = 0;
				GCC_PREPROCESSOR_DEFINITIONS = (
					"DEBUG=1",
					"$(inherited)",
				);
				GCC_SYMBOLS_PRIVATE_EXTERN = NO;
				GCC_WARN_64_TO_32_BIT_CONVERSION = YES;
				GCC_WARN_ABOUT_RETURN_TYPE = YES_ERROR;
				GCC_WARN_UNDECLARED_SELECTOR = YES;
				GCC_WARN_UNINITIALIZED_AUTOS = YES_AGGRESSIVE;
				GCC_WARN_UNUSED_FUNCTION = YES;
				GCC_WARN_UNUSED_VARIABLE = YES;
				IPHONEOS_DEPLOYMENT_TARGET = 7.1;
				ONLY_ACTIVE_ARCH = YES;
				SDKROOT = iphoneos;
			};
			name = Debug;
		};
		0FD5FB5B18DDD2FC00E8ED6B /* Release */ = {
			isa = XCBuildConfiguration;
			buildSettings = {
				ALWAYS_SEARCH_USER_PATHS = NO;
				CLANG_CXX_LANGUAGE_STANDARD = "gnu++0x";
				CLANG_CXX_LIBRARY = "libc++";
				CLANG_ENABLE_MODULES = YES;
				CLANG_ENABLE_OBJC_ARC = YES;
				CLANG_WARN_BOOL_CONVERSION = YES;
				CLANG_WARN_CONSTANT_CONVERSION = YES;
				CLANG_WARN_DIRECT_OBJC_ISA_USAGE = YES_ERROR;
				CLANG_WARN_EMPTY_BODY = YES;
				CLANG_WARN_ENUM_CONVERSION = YES;
				CLANG_WARN_INT_CONVERSION = YES;
				CLANG_WARN_OBJC_ROOT_CLASS = YES_ERROR;
				CLANG_WARN__DUPLICATE_METHOD_MATCH = YES;
				"CODE_SIGN_IDENTITY[sdk=iphoneos*]" = "iPhone Developer";
				COPY_PHASE_STRIP = YES;
				ENABLE_NS_ASSERTIONS = NO;
				GCC_C_LANGUAGE_STANDARD = gnu99;
				GCC_WARN_64_TO_32_BIT_CONVERSION = YES;
				GCC_WARN_ABOUT_RETURN_TYPE = YES_ERROR;
				GCC_WARN_UNDECLARED_SELECTOR = YES;
				GCC_WARN_UNINITIALIZED_AUTOS = YES_AGGRESSIVE;
				GCC_WARN_UNUSED_FUNCTION = YES;
				GCC_WARN_UNUSED_VARIABLE = YES;
				IPHONEOS_DEPLOYMENT_TARGET = 7.1;
				SDKROOT = iphoneos;
				VALIDATE_PRODUCT = YES;
			};
			name = Release;
		};
		0FD5FB5D18DDD2FC00E8ED6B /* Debug */ = {
			isa = XCBuildConfiguration;
			buildSettings = {
				ASSETCATALOG_COMPILER_APPICON_NAME = AppIcon;
				ASSETCATALOG_COMPILER_LAUNCHIMAGE_NAME = LaunchImage;
				GCC_PRECOMPILE_PREFIX_HEADER = YES;
				GCC_PREFIX_HEADER = "ControllerPractice/ControllerPractice-Prefix.pch";
				INFOPLIST_FILE = "ControllerPractice/ControllerPractice-Info.plist";
				PRODUCT_NAME = "$(TARGET_NAME)";
				WRAPPER_EXTENSION = app;
			};
			name = Debug;
		};
		0FD5FB5E18DDD2FC00E8ED6B /* Release */ = {
			isa = XCBuildConfiguration;
			buildSettings = {
				ASSETCATALOG_COMPILER_APPICON_NAME = AppIcon;
				ASSETCATALOG_COMPILER_LAUNCHIMAGE_NAME = LaunchImage;
				GCC_PRECOMPILE_PREFIX_HEADER = YES;
				GCC_PREFIX_HEADER = "ControllerPractice/ControllerPractice-Prefix.pch";
				INFOPLIST_FILE = "ControllerPractice/ControllerPractice-Info.plist";
				PRODUCT_NAME = "$(TARGET_NAME)";
				WRAPPER_EXTENSION = app;
			};
			name = Release;
		};
		0FD5FB6018DDD2FC00E8ED6B /* Debug */ = {
			isa = XCBuildConfiguration;
			buildSettings = {
				BUNDLE_LOADER = "$(BUILT_PRODUCTS_DIR)/ControllerPractice.app/ControllerPractice";
				FRAMEWORK_SEARCH_PATHS = (
					"$(SDKROOT)/Developer/Library/Frameworks",
					"$(inherited)",
					"$(DEVELOPER_FRAMEWORKS_DIR)",
				);
				GCC_PRECOMPILE_PREFIX_HEADER = YES;
				GCC_PREFIX_HEADER = "ControllerPractice/ControllerPractice-Prefix.pch";
				GCC_PREPROCESSOR_DEFINITIONS = (
					"DEBUG=1",
					"$(inherited)",
				);
				INFOPLIST_FILE = "ControllerPracticeTests/ControllerPracticeTests-Info.plist";
				PRODUCT_NAME = "$(TARGET_NAME)";
				TEST_HOST = "$(BUNDLE_LOADER)";
				WRAPPER_EXTENSION = xctest;
			};
			name = Debug;
		};
		0FD5FB6118DDD2FC00E8ED6B /* Release */ = {
			isa = XCBuildConfiguration;
			buildSettings = {
				BUNDLE_LOADER = "$(BUILT_PRODUCTS_DIR)/ControllerPractice.app/ControllerPractice";
				FRAMEWORK_SEARCH_PATHS = (
					"$(SDKROOT)/Developer/Library/Frameworks",
					"$(inherited)",
					"$(DEVELOPER_FRAMEWORKS_DIR)",
				);
				GCC_PRECOMPILE_PREFIX_HEADER = YES;
				GCC_PREFIX_HEADER = "ControllerPractice/ControllerPractice-Prefix.pch";
				INFOPLIST_FILE = "ControllerPracticeTests/ControllerPracticeTests-Info.plist";
				PRODUCT_NAME = "$(TARGET_NAME)";
				TEST_HOST = "$(BUNDLE_LOADER)";
				WRAPPER_EXTENSION = xctest;
			};
			name = Release;
		};
/* End XCBuildConfiguration section */

/* Begin XCConfigurationList section */
		0FD5FB2B18DDD2FC00E8ED6B /* Build configuration list for PBXProject "ControllerPractice" */ = {
			isa = XCConfigurationList;
			buildConfigurations = (
				0FD5FB5A18DDD2FC00E8ED6B /* Debug */,
				0FD5FB5B18DDD2FC00E8ED6B /* Release */,
			);
			defaultConfigurationIsVisible = 0;
			defaultConfigurationName = Release;
		};
		0FD5FB5C18DDD2FC00E8ED6B /* Build configuration list for PBXNativeTarget "ControllerPractice" */ = {
			isa = XCConfigurationList;
			buildConfigurations = (
				0FD5FB5D18DDD2FC00E8ED6B /* Debug */,
				0FD5FB5E18DDD2FC00E8ED6B /* Release */,
			);
			defaultConfigurationIsVisible = 0;
		};
		0FD5FB5F18DDD2FC00E8ED6B /* Build configuration list for PBXNativeTarget "ControllerPracticeTests" */ = {
			isa = XCConfigurationList;
			buildConfigurations = (
				0FD5FB6018DDD2FC00E8ED6B /* Debug */,
				0FD5FB6118DDD2FC00E8ED6B /* Release */,
			);
			defaultConfigurationIsVisible = 0;
		};
/* End XCConfigurationList section */
	};
	rootObject = 0FD5FB2818DDD2FC00E8ED6B /* Project object */;
}
